
Microsoft Visual Studio Solution File, Format Version 12.00
# Visual Studio Version 17
VisualStudioVersion = 17.11.35222.181
MinimumVisualStudioVersion = 10.0.40219.1
Project("{FAE04EC0-301F-11D3-BF4B-00C04F79EFBC}") = "ComparisonCountingSort", "ComparisonCountingSort.csproj", "{876138C6-03ED-4CA8-8291-9035126E3A75}"
EndProject
Global
	GlobalSection(SolutionConfigurationPlatforms) = preSolution
		Debug|Any CPU = Debug|Any CPU
		Release|Any CPU = Release|Any CPU
	EndGlobalSection
	GlobalSection(ProjectConfigurationPlatforms) = postSolution
		{876138C6-03ED-4CA8-8291-9035126E3A75}.Debug|Any CPU.ActiveCfg = Debug|Any CPU
		{876138C6-03ED-4CA8-8291-9035126E3A75}.Debug|Any CPU.Build.0 = Debug|Any CPU
		{876138C6-03ED-4CA8-8291-9035126E3A75}.Release|Any CPU.ActiveCfg = Release|Any CPU
		{876138C6-03ED-4CA8-8291-9035126E3A75}.Release|Any CPU.Build.0 = Release|Any CPU
	EndGlobalSection
	GlobalSection(SolutionProperties) = preSolution
		HideSolutionNode = FALSE
	EndGlobalSection
	GlobalSection(ExtensibilityGlobals) = postSolution
		SolutionGuid = {5F8C0396-567A-43E3-9C12-CAFB492FEBCE}
	EndGlobalSection
EndGlobal
