
Microsoft Visual Studio Solution File, Format Version 12.00
# Visual Studio Version 17
VisualStudioVersion = 17.7.34221.43
MinimumVisualStudioVersion = 10.0.40219.1
Project("{9A19103F-16F7-4668-BE54-9A1E7A4F7556}") = "Program", "Program.csproj", "{8BEBFA2C-00FA-42D8-911B-E9D68B678A98}"
EndProject
Global
	GlobalSection(SolutionConfigurationPlatforms) = preSolution
		Debug|Any CPU = Debug|Any CPU
		Release|Any CPU = Release|Any CPU
	EndGlobalSection
	GlobalSection(ProjectConfigurationPlatforms) = postSolution
		{8BEBFA2C-00FA-42D8-911B-E9D68B678A98}.Debug|Any CPU.ActiveCfg = Debug|Any CPU
		{8BEBFA2C-00FA-42D8-911B-E9D68B678A98}.Debug|Any CPU.Build.0 = Debug|Any CPU
		{8BEBFA2C-00FA-42D8-911B-E9D68B678A98}.Release|Any CPU.ActiveCfg = Release|Any CPU
		{8BEBFA2C-00FA-42D8-911B-E9D68B678A98}.Release|Any CPU.Build.0 = Release|Any CPU
	EndGlobalSection
	GlobalSection(SolutionProperties) = preSolution
		HideSolutionNode = FALSE
	EndGlobalSection
	GlobalSection(ExtensibilityGlobals) = postSolution
		SolutionGuid = {F1069FF2-6136-443B-9BE9-15A9580C02BC}
	EndGlobalSection
EndGlobal
