
Microsoft Visual Studio Solution File, Format Version 12.00
# Visual Studio Version 17
VisualStudioVersion = 17.7.34221.43
MinimumVisualStudioVersion = 10.0.40219.1
Project("{9A19103F-16F7-4668-BE54-9A1E7A4F7556}") = "ChessBoardConsoleApp", "ChessBoardConsoleApp\ChessBoardConsoleApp.csproj", "{6CDAE6B2-DA50-4128-84D7-FD7B1907EB83}"
EndProject
Project("{9A19103F-16F7-4668-BE54-9A1E7A4F7556}") = "ChessBoardmodel", "..\ChessBoardGuiApp\ChessBoardModel\ChessBoardmodel.csproj", "{836777F8-C22B-4C30-8D61-A2D256F95FF8}"
EndProject
Global
	GlobalSection(SolutionConfigurationPlatforms) = preSolution
		Debug|Any CPU = Debug|Any CPU
		Release|Any CPU = Release|Any CPU
	EndGlobalSection
	GlobalSection(ProjectConfigurationPlatforms) = postSolution
		{6CDAE6B2-DA50-4128-84D7-FD7B1907EB83}.Debug|Any CPU.ActiveCfg = Debug|Any CPU
		{6CDAE6B2-DA50-4128-84D7-FD7B1907EB83}.Debug|Any CPU.Build.0 = Debug|Any CPU
		{6CDAE6B2-DA50-4128-84D7-FD7B1907EB83}.Release|Any CPU.ActiveCfg = Release|Any CPU
		{6CDAE6B2-DA50-4128-84D7-FD7B1907EB83}.Release|Any CPU.Build.0 = Release|Any CPU
		{836777F8-C22B-4C30-8D61-A2D256F95FF8}.Debug|Any CPU.ActiveCfg = Debug|Any CPU
		{836777F8-C22B-4C30-8D61-A2D256F95FF8}.Debug|Any CPU.Build.0 = Debug|Any CPU
		{836777F8-C22B-4C30-8D61-A2D256F95FF8}.Release|Any CPU.ActiveCfg = Release|Any CPU
		{836777F8-C22B-4C30-8D61-A2D256F95FF8}.Release|Any CPU.Build.0 = Release|Any CPU
	EndGlobalSection
	GlobalSection(SolutionProperties) = preSolution
		HideSolutionNode = FALSE
	EndGlobalSection
	GlobalSection(ExtensibilityGlobals) = postSolution
		SolutionGuid = {E392A300-5A66-4D79-A62E-88286FBDEDEB}
	EndGlobalSection
EndGlobal
