
Microsoft Visual Studio Solution File, Format Version 12.00
# Visual Studio Version 17
VisualStudioVersion = 17.11.35312.102
MinimumVisualStudioVersion = 10.0.40219.1
Project("{FAE04EC0-301F-11D3-BF4B-00C04F79EFBC}") = "1.4.1b", "1.4.1b.csproj", "{6D0720B0-B015-476A-9860-0374CB1D4C19}"
EndProject
Global
	GlobalSection(SolutionConfigurationPlatforms) = preSolution
		Debug|Any CPU = Debug|Any CPU
		Release|Any CPU = Release|Any CPU
	EndGlobalSection
	GlobalSection(ProjectConfigurationPlatforms) = postSolution
		{6D0720B0-B015-476A-9860-0374CB1D4C19}.Debug|Any CPU.ActiveCfg = Debug|Any CPU
		{6D0720B0-B015-476A-9860-0374CB1D4C19}.Debug|Any CPU.Build.0 = Debug|Any CPU
		{6D0720B0-B015-476A-9860-0374CB1D4C19}.Release|Any CPU.ActiveCfg = Release|Any CPU
		{6D0720B0-B015-476A-9860-0374CB1D4C19}.Release|Any CPU.Build.0 = Release|Any CPU
	EndGlobalSection
	GlobalSection(SolutionProperties) = preSolution
		HideSolutionNode = FALSE
	EndGlobalSection
	GlobalSection(ExtensibilityGlobals) = postSolution
		SolutionGuid = {58A0A4CC-D88B-4886-B886-987ECFF11982}
	EndGlobalSection
EndGlobal
