
Microsoft Visual Studio Solution File, Format Version 12.00
# Visual Studio Version 17
VisualStudioVersion = 17.11.35312.102
MinimumVisualStudioVersion = 10.0.40219.1
Project("{FAE04EC0-301F-11D3-BF4B-00C04F79EFBC}") = "1.4.10", "1.4.10.csproj", "{5141A8FE-C027-4330-B14D-8C406D4D906F}"
EndProject
Global
	GlobalSection(SolutionConfigurationPlatforms) = preSolution
		Debug|Any CPU = Debug|Any CPU
		Release|Any CPU = Release|Any CPU
	EndGlobalSection
	GlobalSection(ProjectConfigurationPlatforms) = postSolution
		{5141A8FE-C027-4330-B14D-8C406D4D906F}.Debug|Any CPU.ActiveCfg = Debug|Any CPU
		{5141A8FE-C027-4330-B14D-8C406D4D906F}.Debug|Any CPU.Build.0 = Debug|Any CPU
		{5141A8FE-C027-4330-B14D-8C406D4D906F}.Release|Any CPU.ActiveCfg = Release|Any CPU
		{5141A8FE-C027-4330-B14D-8C406D4D906F}.Release|Any CPU.Build.0 = Release|Any CPU
	EndGlobalSection
	GlobalSection(SolutionProperties) = preSolution
		HideSolutionNode = FALSE
	EndGlobalSection
	GlobalSection(ExtensibilityGlobals) = postSolution
		SolutionGuid = {743A276C-D59C-4BBD-8EFB-B2BAFC625F0B}
	EndGlobalSection
EndGlobal
