
Microsoft Visual Studio Solution File, Format Version 12.00
# Visual Studio Version 17
VisualStudioVersion = 17.6.33829.357
MinimumVisualStudioVersion = 10.0.40219.1
Project("{FAE04EC0-301F-11D3-BF4B-00C04F79EFBC}") = "Milestone_Fall2023", "Milestone_Fall2023\Milestone_Fall2023.csproj", "{1099F38A-49E1-4D2D-BB6B-29FD986FC756}"
EndProject
Global
	GlobalSection(SolutionConfigurationPlatforms) = preSolution
		Debug|Any CPU = Debug|Any CPU
		Release|Any CPU = Release|Any CPU
	EndGlobalSection
	GlobalSection(ProjectConfigurationPlatforms) = postSolution
		{1099F38A-49E1-4D2D-BB6B-29FD986FC756}.Debug|Any CPU.ActiveCfg = Debug|Any CPU
		{1099F38A-49E1-4D2D-BB6B-29FD986FC756}.Debug|Any CPU.Build.0 = Debug|Any CPU
		{1099F38A-49E1-4D2D-BB6B-29FD986FC756}.Release|Any CPU.ActiveCfg = Release|Any CPU
		{1099F38A-49E1-4D2D-BB6B-29FD986FC756}.Release|Any CPU.Build.0 = Release|Any CPU
	EndGlobalSection
	GlobalSection(SolutionProperties) = preSolution
		HideSolutionNode = FALSE
	EndGlobalSection
	GlobalSection(ExtensibilityGlobals) = postSolution
		SolutionGuid = {B35C46A7-FBC8-452D-BDE2-7FA7F403C72F}
	EndGlobalSection
EndGlobal
