
Microsoft Visual Studio Solution File, Format Version 12.00
# Visual Studio Version 17
VisualStudioVersion = 17.10.34916.146
MinimumVisualStudioVersion = 10.0.40219.1
Project("{FAE04EC0-301F-11D3-BF4B-00C04F79EFBC}") = "StringMatch", "StringMatch\StringMatch.csproj", "{F35801F6-566B-491B-981A-DBB0DF9E4655}"
EndProject
Global
	GlobalSection(SolutionConfigurationPlatforms) = preSolution
		Debug|Any CPU = Debug|Any CPU
		Release|Any CPU = Release|Any CPU
	EndGlobalSection
	GlobalSection(ProjectConfigurationPlatforms) = postSolution
		{F35801F6-566B-491B-981A-DBB0DF9E4655}.Debug|Any CPU.ActiveCfg = Debug|Any CPU
		{F35801F6-566B-491B-981A-DBB0DF9E4655}.Debug|Any CPU.Build.0 = Debug|Any CPU
		{F35801F6-566B-491B-981A-DBB0DF9E4655}.Release|Any CPU.ActiveCfg = Release|Any CPU
		{F35801F6-566B-491B-981A-DBB0DF9E4655}.Release|Any CPU.Build.0 = Release|Any CPU
	EndGlobalSection
	GlobalSection(SolutionProperties) = preSolution
		HideSolutionNode = FALSE
	EndGlobalSection
	GlobalSection(ExtensibilityGlobals) = postSolution
		SolutionGuid = {851F3A80-FC3D-4757-8B77-941F06FFA8E2}
	EndGlobalSection
EndGlobal
