
Microsoft Visual Studio Solution File, Format Version 12.00
# Visual Studio Version 17
VisualStudioVersion = 17.11.35327.3
MinimumVisualStudioVersion = 10.0.40219.1
Project("{FAE04EC0-301F-11D3-BF4B-00C04F79EFBC}") = "BibleVerseApp", "BibleVerseApp\BibleVerseApp.csproj", "{BD07BAB7-9418-45E2-B5D5-B745557F032C}"
EndProject
Global
	GlobalSection(SolutionConfigurationPlatforms) = preSolution
		Debug|Any CPU = Debug|Any CPU
		Release|Any CPU = Release|Any CPU
	EndGlobalSection
	GlobalSection(ProjectConfigurationPlatforms) = postSolution
		{BD07BAB7-9418-45E2-B5D5-B745557F032C}.Debug|Any CPU.ActiveCfg = Debug|Any CPU
		{BD07BAB7-9418-45E2-B5D5-B745557F032C}.Debug|Any CPU.Build.0 = Debug|Any CPU
		{BD07BAB7-9418-45E2-B5D5-B745557F032C}.Release|Any CPU.ActiveCfg = Release|Any CPU
		{BD07BAB7-9418-45E2-B5D5-B745557F032C}.Release|Any CPU.Build.0 = Release|Any CPU
	EndGlobalSection
	GlobalSection(SolutionProperties) = preSolution
		HideSolutionNode = FALSE
	EndGlobalSection
	GlobalSection(ExtensibilityGlobals) = postSolution
		SolutionGuid = {A3122EFF-D685-490A-A730-E78C065E8A64}
	EndGlobalSection
EndGlobal
